
Microsoft Visual Studio Solution File, Format Version 12.00
# Visual Studio Version 17
VisualStudioVersion = 17.2.32602.215
MinimumVisualStudioVersion = 10.0.40219.1
Project("{FAE04EC0-301F-11D3-BF4B-00C04F79EFBC}") = "Assembly-CSharp", "Assembly-CSharp.csproj", "{8AF3EFC0-4BDA-2BEE-E365-C54AF9333BB0}"
EndProject
Project("{FAE04EC0-301F-11D3-BF4B-00C04F79EFBC}") = "SpecFlowProject", "SpecFlowProject\SpecFlowProject.csproj", "{F55B28E9-BF57-4BCA-9C49-8EA8700D374C}"
EndProject
Global
	GlobalSection(SolutionConfigurationPlatforms) = preSolution
		Debug|Any CPU = Debug|Any CPU
		Release|Any CPU = Release|Any CPU
	EndGlobalSection
	GlobalSection(ProjectConfigurationPlatforms) = postSolution
		{8AF3EFC0-4BDA-2BEE-E365-C54AF9333BB0}.Debug|Any CPU.ActiveCfg = Debug|Any CPU
		{8AF3EFC0-4BDA-2BEE-E365-C54AF9333BB0}.Debug|Any CPU.Build.0 = Debug|Any CPU
		{8AF3EFC0-4BDA-2BEE-E365-C54AF9333BB0}.Release|Any CPU.ActiveCfg = Release|Any CPU
		{8AF3EFC0-4BDA-2BEE-E365-C54AF9333BB0}.Release|Any CPU.Build.0 = Release|Any CPU
		{F55B28E9-BF57-4BCA-9C49-8EA8700D374C}.Debug|Any CPU.ActiveCfg = Debug|Any CPU
		{F55B28E9-BF57-4BCA-9C49-8EA8700D374C}.Debug|Any CPU.Build.0 = Debug|Any CPU
		{F55B28E9-BF57-4BCA-9C49-8EA8700D374C}.Release|Any CPU.ActiveCfg = Release|Any CPU
		{F55B28E9-BF57-4BCA-9C49-8EA8700D374C}.Release|Any CPU.Build.0 = Release|Any CPU
	EndGlobalSection
	GlobalSection(SolutionProperties) = preSolution
		HideSolutionNode = FALSE
	EndGlobalSection
	GlobalSection(ExtensibilityGlobals) = postSolution
		SolutionGuid = {1ED4B349-178C-4D40-AF18-D4A6308DEA4C}
	EndGlobalSection
EndGlobal
